
Microsoft Visual Studio Solution File, Format Version 12.00
# Visual Studio Version 16
VisualStudioVersion = 16.0.30104.148
MinimumVisualStudioVersion = 10.0.40219.1
Project("{9A19103F-16F7-4668-BE54-9A1E7A4F7556}") = "DevOI.UI.WebModelo", "src\WebApplication1\DevOI.UI.WebModelo.csproj", "{B8E4E3E3-CAFF-4424-B324-85E8013F77F7}"
EndProject
Project("{FAE04EC0-301F-11D3-BF4B-00C04F79EFBC}") = "CoreIdentity", "src\CoreIdentity\CoreIdentity.csproj", "{F92BE48D-3E8B-4A12-9693-E23587C1BBD1}"
EndProject
Global
	GlobalSection(SolutionConfigurationPlatforms) = preSolution
		Debug|Any CPU = Debug|Any CPU
		Release|Any CPU = Release|Any CPU
	EndGlobalSection
	GlobalSection(ProjectConfigurationPlatforms) = postSolution
		{B8E4E3E3-CAFF-4424-B324-85E8013F77F7}.Debug|Any CPU.ActiveCfg = Debug|Any CPU
		{B8E4E3E3-CAFF-4424-B324-85E8013F77F7}.Debug|Any CPU.Build.0 = Debug|Any CPU
		{B8E4E3E3-CAFF-4424-B324-85E8013F77F7}.Release|Any CPU.ActiveCfg = Release|Any CPU
		{B8E4E3E3-CAFF-4424-B324-85E8013F77F7}.Release|Any CPU.Build.0 = Release|Any CPU
		{F92BE48D-3E8B-4A12-9693-E23587C1BBD1}.Debug|Any CPU.ActiveCfg = Debug|Any CPU
		{F92BE48D-3E8B-4A12-9693-E23587C1BBD1}.Debug|Any CPU.Build.0 = Debug|Any CPU
		{F92BE48D-3E8B-4A12-9693-E23587C1BBD1}.Release|Any CPU.ActiveCfg = Release|Any CPU
		{F92BE48D-3E8B-4A12-9693-E23587C1BBD1}.Release|Any CPU.Build.0 = Release|Any CPU
	EndGlobalSection
	GlobalSection(SolutionProperties) = preSolution
		HideSolutionNode = FALSE
	EndGlobalSection
	GlobalSection(ExtensibilityGlobals) = postSolution
		SolutionGuid = {EBA353EC-25BA-4A7E-84E6-2EC02BBF8E00}
	EndGlobalSection
EndGlobal
